
Microsoft Visual Studio Solution File, Format Version 12.00
# Visual Studio 2013
VisualStudioVersion = 12.0.30723.0
MinimumVisualStudioVersion = 10.0.40219.1
Project("{FAE04EC0-301F-11D3-BF4B-00C04F79EFBC}") = "IronTester.Common", "IronTester.Common\IronTester.Common.csproj", "{2D51C9BA-517C-4AD5-A467-0A42AECD4D49}"
EndProject
Project("{2150E333-8FDC-42A3-9474-1A3956D46DE8}") = ".nuget", ".nuget", "{323939D0-ADCA-42CF-882C-2278490D7A4C}"
	ProjectSection(SolutionItems) = preProject
		.nuget\NuGet.Config = .nuget\NuGet.Config
		.nuget\NuGet.exe = .nuget\NuGet.exe
		.nuget\NuGet.targets = .nuget\NuGet.targets
	EndProjectSection
EndProject
Project("{FAE04EC0-301F-11D3-BF4B-00C04F79EFBC}") = "IronTester.ManualMessagesPusher", "IronTester.ManualMessagesPusher\IronTester.ManualMessagesPusher.csproj", "{8C8D7010-C345-4225-9EFE-9358C1E13DE2}"
EndProject
Project("{FAE04EC0-301F-11D3-BF4B-00C04F79EFBC}") = "IronTester.Server", "IronTester.Server\IronTester.Server.csproj", "{0D01D877-4299-40AF-BC3F-FA03A53857B7}"
EndProject
Project("{FAE04EC0-301F-11D3-BF4B-00C04F79EFBC}") = "IronTester.Validator", "IronTester.Validator\IronTester.Validator.csproj", "{6B5DDABA-DD3E-46C0-ADE7-8455449F0CFA}"
EndProject
Project("{FAE04EC0-301F-11D3-BF4B-00C04F79EFBC}") = "IronTester.Initializer", "IronTester.Initializer\IronTester.Initializer.csproj", "{8922B28D-0FD5-4685-A7BE-53706519BBED}"
EndProject
Project("{FAE04EC0-301F-11D3-BF4B-00C04F79EFBC}") = "IronTester.Builder", "IronTester.Builder\IronTester.Builder.csproj", "{749047DC-C577-4917-8ECD-F7CE44AFF1A1}"
EndProject
Project("{FAE04EC0-301F-11D3-BF4B-00C04F79EFBC}") = "IronTester.Tester", "IronTester.Tester\IronTester.Tester.csproj", "{F1A13345-1306-4476-B4CA-27147C029174}"
EndProject
Project("{FAE04EC0-301F-11D3-BF4B-00C04F79EFBC}") = "IronTester.RequestProducer", "IronTester.RequestProducer\IronTester.RequestProducer.csproj", "{8EF8AA41-351A-4BB1-A04A-0F4843D4F4E4}"
EndProject
Project("{FAE04EC0-301F-11D3-BF4B-00C04F79EFBC}") = "IronTester.Website", "IronTester.Website\IronTester.Website.csproj", "{04C11CBB-841A-4774-A353-5CADF41A2804}"
EndProject
Global
	GlobalSection(SolutionConfigurationPlatforms) = preSolution
		Debug|Any CPU = Debug|Any CPU
		Release|Any CPU = Release|Any CPU
	EndGlobalSection
	GlobalSection(ProjectConfigurationPlatforms) = postSolution
		{2D51C9BA-517C-4AD5-A467-0A42AECD4D49}.Debug|Any CPU.ActiveCfg = Debug|Any CPU
		{2D51C9BA-517C-4AD5-A467-0A42AECD4D49}.Debug|Any CPU.Build.0 = Debug|Any CPU
		{2D51C9BA-517C-4AD5-A467-0A42AECD4D49}.Release|Any CPU.ActiveCfg = Release|Any CPU
		{2D51C9BA-517C-4AD5-A467-0A42AECD4D49}.Release|Any CPU.Build.0 = Release|Any CPU
		{8C8D7010-C345-4225-9EFE-9358C1E13DE2}.Debug|Any CPU.ActiveCfg = Debug|Any CPU
		{8C8D7010-C345-4225-9EFE-9358C1E13DE2}.Debug|Any CPU.Build.0 = Debug|Any CPU
		{8C8D7010-C345-4225-9EFE-9358C1E13DE2}.Release|Any CPU.ActiveCfg = Release|Any CPU
		{8C8D7010-C345-4225-9EFE-9358C1E13DE2}.Release|Any CPU.Build.0 = Release|Any CPU
		{0D01D877-4299-40AF-BC3F-FA03A53857B7}.Debug|Any CPU.ActiveCfg = Debug|Any CPU
		{0D01D877-4299-40AF-BC3F-FA03A53857B7}.Debug|Any CPU.Build.0 = Debug|Any CPU
		{0D01D877-4299-40AF-BC3F-FA03A53857B7}.Release|Any CPU.ActiveCfg = Release|Any CPU
		{0D01D877-4299-40AF-BC3F-FA03A53857B7}.Release|Any CPU.Build.0 = Release|Any CPU
		{6B5DDABA-DD3E-46C0-ADE7-8455449F0CFA}.Debug|Any CPU.ActiveCfg = Debug|Any CPU
		{6B5DDABA-DD3E-46C0-ADE7-8455449F0CFA}.Debug|Any CPU.Build.0 = Debug|Any CPU
		{6B5DDABA-DD3E-46C0-ADE7-8455449F0CFA}.Release|Any CPU.ActiveCfg = Release|Any CPU
		{6B5DDABA-DD3E-46C0-ADE7-8455449F0CFA}.Release|Any CPU.Build.0 = Release|Any CPU
		{8922B28D-0FD5-4685-A7BE-53706519BBED}.Debug|Any CPU.ActiveCfg = Debug|Any CPU
		{8922B28D-0FD5-4685-A7BE-53706519BBED}.Debug|Any CPU.Build.0 = Debug|Any CPU
		{8922B28D-0FD5-4685-A7BE-53706519BBED}.Release|Any CPU.ActiveCfg = Release|Any CPU
		{8922B28D-0FD5-4685-A7BE-53706519BBED}.Release|Any CPU.Build.0 = Release|Any CPU
		{749047DC-C577-4917-8ECD-F7CE44AFF1A1}.Debug|Any CPU.ActiveCfg = Debug|Any CPU
		{749047DC-C577-4917-8ECD-F7CE44AFF1A1}.Debug|Any CPU.Build.0 = Debug|Any CPU
		{749047DC-C577-4917-8ECD-F7CE44AFF1A1}.Release|Any CPU.ActiveCfg = Release|Any CPU
		{749047DC-C577-4917-8ECD-F7CE44AFF1A1}.Release|Any CPU.Build.0 = Release|Any CPU
		{F1A13345-1306-4476-B4CA-27147C029174}.Debug|Any CPU.ActiveCfg = Debug|Any CPU
		{F1A13345-1306-4476-B4CA-27147C029174}.Debug|Any CPU.Build.0 = Debug|Any CPU
		{F1A13345-1306-4476-B4CA-27147C029174}.Release|Any CPU.ActiveCfg = Release|Any CPU
		{F1A13345-1306-4476-B4CA-27147C029174}.Release|Any CPU.Build.0 = Release|Any CPU
		{8EF8AA41-351A-4BB1-A04A-0F4843D4F4E4}.Debug|Any CPU.ActiveCfg = Debug|Any CPU
		{8EF8AA41-351A-4BB1-A04A-0F4843D4F4E4}.Debug|Any CPU.Build.0 = Debug|Any CPU
		{8EF8AA41-351A-4BB1-A04A-0F4843D4F4E4}.Release|Any CPU.ActiveCfg = Release|Any CPU
		{8EF8AA41-351A-4BB1-A04A-0F4843D4F4E4}.Release|Any CPU.Build.0 = Release|Any CPU
		{04C11CBB-841A-4774-A353-5CADF41A2804}.Debug|Any CPU.ActiveCfg = Debug|Any CPU
		{04C11CBB-841A-4774-A353-5CADF41A2804}.Debug|Any CPU.Build.0 = Debug|Any CPU
		{04C11CBB-841A-4774-A353-5CADF41A2804}.Release|Any CPU.ActiveCfg = Release|Any CPU
		{04C11CBB-841A-4774-A353-5CADF41A2804}.Release|Any CPU.Build.0 = Release|Any CPU
	EndGlobalSection
	GlobalSection(SolutionProperties) = preSolution
		HideSolutionNode = FALSE
	EndGlobalSection
EndGlobal
